
Microsoft Visual Studio Solution File, Format Version 12.00
# Visual Studio Version 16
VisualStudioVersion = 16.0.31321.278
MinimumVisualStudioVersion = 10.0.40219.1
Project("{FAE04EC0-301F-11D3-BF4B-00C04F79EFBC}") = "CopyDigital", "CopyDigital\CopyDigital.csproj", "{7B85B438-6168-4DCF-A5DE-C3901EB0BF37}"
EndProject
Global
	GlobalSection(SolutionConfigurationPlatforms) = preSolution
		Debug|Any CPU = Debug|Any CPU
		Release|Any CPU = Release|Any CPU
	EndGlobalSection
	GlobalSection(ProjectConfigurationPlatforms) = postSolution
		{7B85B438-6168-4DCF-A5DE-C3901EB0BF37}.Debug|Any CPU.ActiveCfg = Debug|Any CPU
		{7B85B438-6168-4DCF-A5DE-C3901EB0BF37}.Debug|Any CPU.Build.0 = Debug|Any CPU
		{7B85B438-6168-4DCF-A5DE-C3901EB0BF37}.Release|Any CPU.ActiveCfg = Release|Any CPU
		{7B85B438-6168-4DCF-A5DE-C3901EB0BF37}.Release|Any CPU.Build.0 = Release|Any CPU
	EndGlobalSection
	GlobalSection(SolutionProperties) = preSolution
		HideSolutionNode = FALSE
	EndGlobalSection
	GlobalSection(ExtensibilityGlobals) = postSolution
		SolutionGuid = {23AB2209-1898-4746-8D05-40B3F32279F4}
	EndGlobalSection
EndGlobal
